// !$*UTF8*$!
{
	archiveVersion = 1;
	classes = {
	};
	objectVersion = 46;
	objects = {

/* Begin PBXBuildFile section */
		DC317D531E1F45B100501ACF /* AppDelegate.swift in Sources */ = {isa = PBXBuildFile; fileRef = DC317D521E1F45B100501ACF /* AppDelegate.swift */; };
		DC317D551E1F45B100501ACF /* ViewController.swift in Sources */ = {isa = PBXBuildFile; fileRef = DC317D541E1F45B100501ACF /* ViewController.swift */; };
		DC317D581E1F45B100501ACF /* Main.storyboard in Resources */ = {isa = PBXBuildFile; fileRef = DC317D561E1F45B100501ACF /* Main.storyboard */; };
		DC317D5A1E1F45B100501ACF /* Assets.xcassets in Resources */ = {isa = PBXBuildFile; fileRef = DC317D591E1F45B100501ACF /* Assets.xcassets */; };
		DC317D5D1E1F45B100501ACF /* LaunchScreen.storyboard in Resources */ = {isa = PBXBuildFile; fileRef = DC317D5B1E1F45B100501ACF /* LaunchScreen.storyboard */; };
		DC317D681E1F45B100501ACF /* TipCalcTests.swift in Sources */ = {isa = PBXBuildFile; fileRef = DC317D671E1F45B100501ACF /* TipCalcTests.swift */; };
		DC317D731E1F45B100501ACF /* TipCalcUITests.swift in Sources */ = {isa = PBXBuildFile; fileRef = DC317D721E1F45B100501ACF /* TipCalcUITests.swift */; };
		DC317D811E1F55AF00501ACF /* SettingsViewController.swift in Sources */ = {isa = PBXBuildFile; fileRef = DC317D801E1F55AF00501ACF /* SettingsViewController.swift */; };
/* End PBXBuildFile section */

/* Begin PBXContainerItemProxy section */
		DC317D641E1F45B100501ACF /* PBXContainerItemProxy */ = {
			isa = PBXContainerItemProxy;
			containerPortal = DC317D471E1F45B100501ACF /* Project object */;
			proxyType = 1;
			remoteGlobalIDString = DC317D4E1E1F45B100501ACF;
			remoteInfo = TipCalc;
		};
		DC317D6F1E1F45B100501ACF /* PBXContainerItemProxy */ = {
			isa = PBXContainerItemProxy;
			containerPortal = DC317D471E1F45B100501ACF /* Project object */;
			proxyType = 1;
			remoteGlobalIDString = DC317D4E1E1F45B100501ACF;
			remoteInfo = TipCalc;
		};
/* End PBXContainerItemProxy section */

/* Begin PBXFileReference section */
		DC317D4F1E1F45B100501ACF /* TipCalc.app */ = {isa = PBXFileReference; explicitFileType = wrapper.application; includeInIndex = 0; path = TipCalc.app; sourceTree = BUILT_PRODUCTS_DIR; };
		DC317D521E1F45B100501ACF /* AppDelegate.swift */ = {isa = PBXFileReference; lastKnownFileType = sourcecode.swift; path = AppDelegate.swift; sourceTree = "<group>"; };
		DC317D541E1F45B100501ACF /* ViewController.swift */ = {isa = PBXFileReference; lastKnownFileType = sourcecode.swift; path = ViewController.swift; sourceTree = "<group>"; };
		DC317D571E1F45B100501ACF /* Base */ = {isa = PBXFileReference; lastKnownFileType = file.storyboard; name = Base; path = Base.lproj/Main.storyboard; sourceTree = "<group>"; };
		DC317D591E1F45B100501ACF /* Assets.xcassets */ = {isa = PBXFileReference; lastKnownFileType = folder.assetcatalog; path = Assets.xcassets; sourceTree = "<group>"; };
		DC317D5C1E1F45B100501ACF /* Base */ = {isa = PBXFileReference; lastKnownFileType = file.storyboard; name = Base; path = Base.lproj/LaunchScreen.storyboard; sourceTree = "<group>"; };
		DC317D5E1E1F45B100501ACF /* Info.plist */ = {isa = PBXFileReference; lastKnownFileType = text.plist.xml; path = Info.plist; sourceTree = "<group>"; };
		DC317D631E1F45B100501ACF /* TipCalcTests.xctest */ = {isa = PBXFileReference; explicitFileType = wrapper.cfbundle; includeInIndex = 0; path = TipCalcTests.xctest; sourceTree = BUILT_PRODUCTS_DIR; };
		DC317D671E1F45B100501ACF /* TipCalcTests.swift */ = {isa = PBXFileReference; lastKnownFileType = sourcecode.swift; path = TipCalcTests.swift; sourceTree = "<group>"; };
		DC317D691E1F45B100501ACF /* Info.plist */ = {isa = PBXFileReference; lastKnownFileType = text.plist.xml; path = Info.plist; sourceTree = "<group>"; };
		DC317D6E1E1F45B100501ACF /* TipCalcUITests.xctest */ = {isa = PBXFileReference; explicitFileType = wrapper.cfbundle; includeInIndex = 0; path = TipCalcUITests.xctest; sourceTree = BUILT_PRODUCTS_DIR; };
		DC317D721E1F45B100501ACF /* TipCalcUITests.swift */ = {isa = PBXFileReference; lastKnownFileType = sourcecode.swift; path = TipCalcUITests.swift; sourceTree = "<group>"; };
		DC317D741E1F45B100501ACF /* Info.plist */ = {isa = PBXFileReference; lastKnownFileType = text.plist.xml; path = Info.plist; sourceTree = "<group>"; };
		DC317D801E1F55AF00501ACF /* SettingsViewController.swift */ = {isa = PBXFileReference; fileEncoding = 4; lastKnownFileType = sourcecode.swift; path = SettingsViewController.swift; sourceTree = "<group>"; };
/* End PBXFileReference section */

/* Begin PBXFrameworksBuildPhase section */
		DC317D4C1E1F45B100501ACF /* Frameworks */ = {
			isa = PBXFrameworksBuildPhase;
			buildActionMask = 2147483647;
			files = (
			);
			runOnlyForDeploymentPostprocessing = 0;
		};
		DC317D601E1F45B100501ACF /* Frameworks */ = {
			isa = PBXFrameworksBuildPhase;
			buildActionMask = 2147483647;
			files = (
			);
			runOnlyForDeploymentPostprocessing = 0;
		};
		DC317D6B1E1F45B100501ACF /* Frameworks */ = {
			isa = PBXFrameworksBuildPhase;
			buildActionMask = 2147483647;
			files = (
			);
			runOnlyForDeploymentPostprocessing = 0;
		};
/* End PBXFrameworksBuildPhase section */

/* Begin PBXGroup section */
		DC317D461E1F45B100501ACF = {
			isa = PBXGroup;
			children = (
				DC317D511E1F45B100501ACF /* TipCalc */,
				DC317D661E1F45B100501ACF /* TipCalcTests */,
				DC317D711E1F45B100501ACF /* TipCalcUITests */,
				DC317D501E1F45B100501ACF /* Products */,
			);
			sourceTree = "<group>";
		};
		DC317D501E1F45B100501ACF /* Products */ = {
			isa = PBXGroup;
			children = (
				DC317D4F1E1F45B100501ACF /* TipCalc.app */,
				DC317D631E1F45B100501ACF /* TipCalcTests.xctest */,
				DC317D6E1E1F45B100501ACF /* TipCalcUITests.xctest */,
			);
			name = Products;
			sourceTree = "<group>";
		};
		DC317D511E1F45B100501ACF /* TipCalc */ = {
			isa = PBXGroup;
			children = (
				DC317D521E1F45B100501ACF /* AppDelegate.swift */,
				DC317D541E1F45B100501ACF /* ViewController.swift */,
				DC317D591E1F45B100501ACF /* Assets.xcassets */,
				DC317D561E1F45B100501ACF /* Main.storyboard */,
				DC317D801E1F55AF00501ACF /* SettingsViewController.swift */,
				DC317D5B1E1F45B100501ACF /* LaunchScreen.storyboard */,
				DC317D5E1E1F45B100501ACF /* Info.plist */,
			);
			path = TipCalc;
			sourceTree = "<group>";
		};
		DC317D661E1F45B100501ACF /* TipCalcTests */ = {
			isa = PBXGroup;
			children = (
				DC317D671E1F45B100501ACF /* TipCalcTests.swift */,
				DC317D691E1F45B100501ACF /* Info.plist */,
			);
			path = TipCalcTests;
			sourceTree = "<group>";
		};
		DC317D711E1F45B100501ACF /* TipCalcUITests */ = {
			isa = PBXGroup;
			children = (
				DC317D721E1F45B100501ACF /* TipCalcUITests.swift */,
				DC317D741E1F45B100501ACF /* Info.plist */,
			);
			path = TipCalcUITests;
			sourceTree = "<group>";
		};
/* End PBXGroup section */

/* Begin PBXNativeTarget section */
		DC317D4E1E1F45B100501ACF /* TipCalc */ = {
			isa = PBXNativeTarget;
			buildConfigurationList = DC317D771E1F45B100501ACF /* Build configuration list for PBXNativeTarget "TipCalc" */;
			buildPhases = (
				DC317D4B1E1F45B100501ACF /* Sources */,
				DC317D4C1E1F45B100501ACF /* Frameworks */,
				DC317D4D1E1F45B100501ACF /* Resources */,
			);
			buildRules = (
			);
			dependencies = (
			);
			name = TipCalc;
			productName = TipCalc;
			productReference = DC317D4F1E1F45B100501ACF /* TipCalc.app */;
			productType = "com.apple.product-type.application";
		};
		DC317D621E1F45B100501ACF /* TipCalcTests */ = {
			isa = PBXNativeTarget;
			buildConfigurationList = DC317D7A1E1F45B100501ACF /* Build configuration list for PBXNativeTarget "TipCalcTests" */;
			buildPhases = (
				DC317D5F1E1F45B100501ACF /* Sources */,
				DC317D601E1F45B100501ACF /* Frameworks */,
				DC317D611E1F45B100501ACF /* Resources */,
			);
			buildRules = (
			);
			dependencies = (
				DC317D651E1F45B100501ACF /* PBXTargetDependency */,
			);
			name = TipCalcTests;
			productName = TipCalcTests;
			productReference = DC317D631E1F45B100501ACF /* TipCalcTests.xctest */;
			productType = "com.apple.product-type.bundle.unit-test";
		};
		DC317D6D1E1F45B100501ACF /* TipCalcUITests */ = {
			isa = PBXNativeTarget;
			buildConfigurationList = DC317D7D1E1F45B100501ACF /* Build configuration list for PBXNativeTarget "TipCalcUITests" */;
			buildPhases = (
				DC317D6A1E1F45B100501ACF /* Sources */,
				DC317D6B1E1F45B100501ACF /* Frameworks */,
				DC317D6C1E1F45B100501ACF /* Resources */,
			);
			buildRules = (
			);
			dependencies = (
				DC317D701E1F45B100501ACF /* PBXTargetDependency */,
			);
			name = TipCalcUITests;
			productName = TipCalcUITests;
			productReference = DC317D6E1E1F45B100501ACF /* TipCalcUITests.xctest */;
			productType = "com.apple.product-type.bundle.ui-testing";
		};
/* End PBXNativeTarget section */

/* Begin PBXProject section */
		DC317D471E1F45B100501ACF /* Project object */ = {
			isa = PBXProject;
			attributes = {
				LastSwiftUpdateCheck = 0820;
				LastUpgradeCheck = 0820;
				ORGANIZATIONNAME = "David Yuan";
				TargetAttributes = {
					DC317D4E1E1F45B100501ACF = {
						CreatedOnToolsVersion = 8.2.1;
						ProvisioningStyle = Automatic;
					};
					DC317D621E1F45B100501ACF = {
						CreatedOnToolsVersion = 8.2.1;
						ProvisioningStyle = Automatic;
						TestTargetID = DC317D4E1E1F45B100501ACF;
					};
					DC317D6D1E1F45B100501ACF = {
						CreatedOnToolsVersion = 8.2.1;
						ProvisioningStyle = Automatic;
						TestTargetID = DC317D4E1E1F45B100501ACF;
					};
				};
			};
			buildConfigurationList = DC317D4A1E1F45B100501ACF /* Build configuration list for PBXProject "TipCalc" */;
			compatibilityVersion = "Xcode 3.2";
			developmentRegion = English;
			hasScannedForEncodings = 0;
			knownRegions = (
				en,
				Base,
			);
			mainGroup = DC317D461E1F45B100501ACF;
			productRefGroup = DC317D501E1F45B100501ACF /* Products */;
			projectDirPath = "";
			projectRoot = "";
			targets = (
				DC317D4E1E1F45B100501ACF /* TipCalc */,
				DC317D621E1F45B100501ACF /* TipCalcTests */,
				DC317D6D1E1F45B100501ACF /* TipCalcUITests */,
			);
		};
/* End PBXProject section */

/* Begin PBXResourcesBuildPhase section */
		DC317D4D1E1F45B100501ACF /* Resources */ = {
			isa = PBXResourcesBuildPhase;
			buildActionMask = 2147483647;
			files = (
				DC317D5D1E1F45B100501ACF /* LaunchScreen.storyboard in Resources */,
				DC317D5A1E1F45B100501ACF /* Assets.xcassets in Resources */,
				DC317D581E1F45B100501ACF /* Main.storyboard in Resources */,
			);
			runOnlyForDeploymentPostprocessing = 0;
		};
		DC317D611E1F45B100501ACF /* Resources */ = {
			isa = PBXResourcesBuildPhase;
			buildActionMask = 2147483647;
			files = (
			);
			runOnlyForDeploymentPostprocessing = 0;
		};
		DC317D6C1E1F45B100501ACF /* Resources */ = {
			isa = PBXResourcesBuildPhase;
			buildActionMask = 2147483647;
			files = (
			);
			runOnlyForDeploymentPostprocessing = 0;
		};
/* End PBXResourcesBuildPhase section */

/* Begin PBXSourcesBuildPhase section */
		DC317D4B1E1F45B100501ACF /* Sources */ = {
			isa = PBXSourcesBuildPhase;
			buildActionMask = 2147483647;
			files = (
				DC317D551E1F45B100501ACF /* ViewController.swift in Sources */,
				DC317D531E1F45B100501ACF /* AppDelegate.swift in Sources */,
				DC317D811E1F55AF00501ACF /* SettingsViewController.swift in Sources */,
			);
			runOnlyForDeploymentPostprocessing = 0;
		};
		DC317D5F1E1F45B100501ACF /* Sources */ = {
			isa = PBXSourcesBuildPhase;
			buildActionMask = 2147483647;
			files = (
				DC317D681E1F45B100501ACF /* TipCalcTests.swift in Sources */,
			);
			runOnlyForDeploymentPostprocessing = 0;
		};
		DC317D6A1E1F45B100501ACF /* Sources */ = {
			isa = PBXSourcesBuildPhase;
			buildActionMask = 2147483647;
			files = (
				DC317D731E1F45B100501ACF /* TipCalcUITests.swift in Sources */,
			);
			runOnlyForDeploymentPostprocessing = 0;
		};
/* End PBXSourcesBuildPhase section */

/* Begin PBXTargetDependency section */
		DC317D651E1F45B100501ACF /* PBXTargetDependency */ = {
			isa = PBXTargetDependency;
			target = DC317D4E1E1F45B100501ACF /* TipCalc */;
			targetProxy = DC317D641E1F45B100501ACF /* PBXContainerItemProxy */;
		};
		DC317D701E1F45B100501ACF /* PBXTargetDependency */ = {
			isa = PBXTargetDependency;
			target = DC317D4E1E1F45B100501ACF /* TipCalc */;
			targetProxy = DC317D6F1E1F45B100501ACF /* PBXContainerItemProxy */;
		};
/* End PBXTargetDependency section */

/* Begin PBXVariantGroup section */
		DC317D561E1F45B100501ACF /* Main.storyboard */ = {
			isa = PBXVariantGroup;
			children = (
				DC317D571E1F45B100501ACF /* Base */,
			);
			name = Main.storyboard;
			sourceTree = "<group>";
		};
		DC317D5B1E1F45B100501ACF /* LaunchScreen.storyboard */ = {
			isa = PBXVariantGroup;
			children = (
				DC317D5C1E1F45B100501ACF /* Base */,
			);
			name = LaunchScreen.storyboard;
			sourceTree = "<group>";
		};
/* End PBXVariantGroup section */

/* Begin XCBuildConfiguration section */
		DC317D751E1F45B100501ACF /* Debug */ = {
			isa = XCBuildConfiguration;
			buildSettings = {
				ALWAYS_SEARCH_USER_PATHS = NO;
				CLANG_ANALYZER_NONNULL = YES;
				CLANG_CXX_LANGUAGE_STANDARD = "gnu++0x";
				CLANG_CXX_LIBRARY = "libc++";
				CLANG_ENABLE_MODULES = YES;
				CLANG_ENABLE_OBJC_ARC = YES;
				CLANG_WARN_BOOL_CONVERSION = YES;
				CLANG_WARN_CONSTANT_CONVERSION = YES;
				CLANG_WARN_DIRECT_OBJC_ISA_USAGE = YES_ERROR;
				CLANG_WARN_DOCUMENTATION_COMMENTS = YES;
				CLANG_WARN_EMPTY_BODY = YES;
				CLANG_WARN_ENUM_CONVERSION = YES;
				CLANG_WARN_INFINITE_RECURSION = YES;
				CLANG_WARN_INT_CONVERSION = YES;
				CLANG_WARN_OBJC_ROOT_CLASS = YES_ERROR;
				CLANG_WARN_SUSPICIOUS_MOVE = YES;
				CLANG_WARN_UNREACHABLE_CODE = YES;
				CLANG_WARN__DUPLICATE_METHOD_MATCH = YES;
				"CODE_SIGN_IDENTITY[sdk=iphoneos*]" = "iPhone Developer";
				COPY_PHASE_STRIP = NO;
				DEBUG_INFORMATION_FORMAT = dwarf;
				ENABLE_STRICT_OBJC_MSGSEND = YES;
				ENABLE_TESTABILITY = YES;
				GCC_C_LANGUAGE_STANDARD = gnu99;
				GCC_DYNAMIC_NO_PIC = NO;
				GCC_NO_COMMON_BLOCKS = YES;
				GCC_OPTIMIZATION_LEVEL = 0;
				GCC_PREPROCESSOR_DEFINITIONS = (
					"DEBUG=1",
					"$(inherited)",
				);
				GCC_WARN_64_TO_32_BIT_CONVERSION = YES;
				GCC_WARN_ABOUT_RETURN_TYPE = YES_ERROR;
				GCC_WARN_UNDECLARED_SELECTOR = YES;
				GCC_WARN_UNINITIALIZED_AUTOS = YES_AGGRESSIVE;
				GCC_WARN_UNUSED_FUNCTION = YES;
				GCC_WARN_UNUSED_VARIABLE = YES;
				IPHONEOS_DEPLOYMENT_TARGET = 10.2;
				MTL_ENABLE_DEBUG_INFO = YES;
				ONLY_ACTIVE_ARCH = YES;
				SDKROOT = iphoneos;
				SWIFT_ACTIVE_COMPILATION_CONDITIONS = DEBUG;
				SWIFT_OPTIMIZATION_LEVEL = "-Onone";
			};
			name = Debug;
		};
		DC317D761E1F45B100501ACF /* Release */ = {
			isa = XCBuildConfiguration;
			buildSettings = {
				ALWAYS_SEARCH_USER_PATHS = NO;
				CLANG_ANALYZER_NONNULL = YES;
				CLANG_CXX_LANGUAGE_STANDARD = "gnu++0x";
				CLANG_CXX_LIBRARY = "libc++";
				CLANG_ENABLE_MODULES = YES;
				CLANG_ENABLE_OBJC_ARC = YES;
				CLANG_WARN_BOOL_CONVERSION = YES;
				CLANG_WARN_CONSTANT_CONVERSION = YES;
				CLANG_WARN_DIRECT_OBJC_ISA_USAGE = YES_ERROR;
				CLANG_WARN_DOCUMENTATION_COMMENTS = YES;
				CLANG_WARN_EMPTY_BODY = YES;
				CLANG_WARN_ENUM_CONVERSION = YES;
				CLANG_WARN_INFINITE_RECURSION = YES;
				CLANG_WARN_INT_CONVERSION = YES;
				CLANG_WARN_OBJC_ROOT_CLASS = YES_ERROR;
				CLANG_WARN_SUSPICIOUS_MOVE = YES;
				CLANG_WARN_UNREACHABLE_CODE = YES;
				CLANG_WARN__DUPLICATE_METHOD_MATCH = YES;
				"CODE_SIGN_IDENTITY[sdk=iphoneos*]" = "iPhone Developer";
				COPY_PHASE_STRIP = NO;
				DEBUG_INFORMATION_FORMAT = "dwarf-with-dsym";
				ENABLE_NS_ASSERTIONS = NO;
				ENABLE_STRICT_OBJC_MSGSEND = YES;
				GCC_C_LANGUAGE_STANDARD = gnu99;
				GCC_NO_COMMON_BLOCKS = YES;
				GCC_WARN_64_TO_32_BIT_CONVERSION = YES;
				GCC_WARN_ABOUT_RETURN_TYPE = YES_ERROR;
				GCC_WARN_UNDECLARED_SELECTOR = YES;
				GCC_WARN_UNINITIALIZED_AUTOS = YES_AGGRESSIVE;
				GCC_WARN_UNUSED_FUNCTION = YES;
				GCC_WARN_UNUSED_VARIABLE = YES;
				IPHONEOS_DEPLOYMENT_TARGET = 10.2;
				MTL_ENABLE_DEBUG_INFO = NO;
				SDKROOT = iphoneos;
				SWIFT_OPTIMIZATION_LEVEL = "-Owholemodule";
				VALIDATE_PRODUCT = YES;
			};
			name = Release;
		};
		DC317D781E1F45B100501ACF /* Debug */ = {
			isa = XCBuildConfiguration;
			buildSettings = {
				ASSETCATALOG_COMPILER_APPICON_NAME = AppIcon;
				INFOPLIST_FILE = TipCalc/Info.plist;
				LD_RUNPATH_SEARCH_PATHS = "$(inherited) @executable_path/Frameworks";
				PRODUCT_BUNDLE_IDENTIFIER = DY.TipCalc;
				PRODUCT_NAME = "$(TARGET_NAME)";
				SWIFT_VERSION = 3.0;
			};
			name = Debug;
		};
		DC317D791E1F45B100501ACF /* Release */ = {
			isa = XCBuildConfiguration;
			buildSettings = {
				ASSETCATALOG_COMPILER_APPICON_NAME = AppIcon;
				INFOPLIST_FILE = TipCalc/Info.plist;
				LD_RUNPATH_SEARCH_PATHS = "$(inherited) @executable_path/Frameworks";
				PRODUCT_BUNDLE_IDENTIFIER = DY.TipCalc;
				PRODUCT_NAME = "$(TARGET_NAME)";
				SWIFT_VERSION = 3.0;
			};
			name = Release;
		};
		DC317D7B1E1F45B100501ACF /* Debug */ = {
			isa = XCBuildConfiguration;
			buildSettings = {
				ALWAYS_EMBED_SWIFT_STANDARD_LIBRARIES = YES;
				BUNDLE_LOADER = "$(TEST_HOST)";
				INFOPLIST_FILE = TipCalcTests/Info.plist;
				LD_RUNPATH_SEARCH_PATHS = "$(inherited) @executable_path/Frameworks @loader_path/Frameworks";
				PRODUCT_BUNDLE_IDENTIFIER = DY.TipCalcTests;
				PRODUCT_NAME = "$(TARGET_NAME)";
				SWIFT_VERSION = 3.0;
				TEST_HOST = "$(BUILT_PRODUCTS_DIR)/TipCalc.app/TipCalc";
			};
			name = Debug;
		};
		DC317D7C1E1F45B100501ACF /* Release */ = {
			isa = XCBuildConfiguration;
			buildSettings = {
				ALWAYS_EMBED_SWIFT_STANDARD_LIBRARIES = YES;
				BUNDLE_LOADER = "$(TEST_HOST)";
				INFOPLIST_FILE = TipCalcTests/Info.plist;
				LD_RUNPATH_SEARCH_PATHS = "$(inherited) @executable_path/Frameworks @loader_path/Frameworks";
				PRODUCT_BUNDLE_IDENTIFIER = DY.TipCalcTests;
				PRODUCT_NAME = "$(TARGET_NAME)";
				SWIFT_VERSION = 3.0;
				TEST_HOST = "$(BUILT_PRODUCTS_DIR)/TipCalc.app/TipCalc";
			};
			name = Release;
		};
		DC317D7E1E1F45B100501ACF /* Debug */ = {
			isa = XCBuildConfiguration;
			buildSettings = {
				ALWAYS_EMBED_SWIFT_STANDARD_LIBRARIES = YES;
				INFOPLIST_FILE = TipCalcUITests/Info.plist;
				LD_RUNPATH_SEARCH_PATHS = "$(inherited) @executable_path/Frameworks @loader_path/Frameworks";
				PRODUCT_BUNDLE_IDENTIFIER = DY.TipCalcUITests;
				PRODUCT_NAME = "$(TARGET_NAME)";
				SWIFT_VERSION = 3.0;
				TEST_TARGET_NAME = TipCalc;
			};
			name = Debug;
		};
		DC317D7F1E1F45B100501ACF /* Release */ = {
			isa = XCBuildConfiguration;
			buildSettings = {
				ALWAYS_EMBED_SWIFT_STANDARD_LIBRARIES = YES;
				INFOPLIST_FILE = TipCalcUITests/Info.plist;
				LD_RUNPATH_SEARCH_PATHS = "$(inherited) @executable_path/Frameworks @loader_path/Frameworks";
				PRODUCT_BUNDLE_IDENTIFIER = DY.TipCalcUITests;
				PRODUCT_NAME = "$(TARGET_NAME)";
				SWIFT_VERSION = 3.0;
				TEST_TARGET_NAME = TipCalc;
			};
			name = Release;
		};
/* End XCBuildConfiguration section */

/* Begin XCConfigurationList section */
		DC317D4A1E1F45B100501ACF /* Build configuration list for PBXProject "TipCalc" */ = {
			isa = XCConfigurationList;
			buildConfigurations = (
				DC317D751E1F45B100501ACF /* Debug */,
				DC317D761E1F45B100501ACF /* Release */,
			);
			defaultConfigurationIsVisible = 0;
			defaultConfigurationName = Release;
		};
		DC317D771E1F45B100501ACF /* Build configuration list for PBXNativeTarget "TipCalc" */ = {
			isa = XCConfigurationList;
			buildConfigurations = (
				DC317D781E1F45B100501ACF /* Debug */,
				DC317D791E1F45B100501ACF /* Release */,
			);
			defaultConfigurationIsVisible = 0;
		};
		DC317D7A1E1F45B100501ACF /* Build configuration list for PBXNativeTarget "TipCalcTests" */ = {
			isa = XCConfigurationList;
			buildConfigurations = (
				DC317D7B1E1F45B100501ACF /* Debug */,
				DC317D7C1E1F45B100501ACF /* Release */,
			);
			defaultConfigurationIsVisible = 0;
		};
		DC317D7D1E1F45B100501ACF /* Build configuration list for PBXNativeTarget "TipCalcUITests" */ = {
			isa = XCConfigurationList;
			buildConfigurations = (
				DC317D7E1E1F45B100501ACF /* Debug */,
				DC317D7F1E1F45B100501ACF /* Release */,
			);
			defaultConfigurationIsVisible = 0;
		};
/* End XCConfigurationList section */
	};
	rootObject = DC317D471E1F45B100501ACF /* Project object */;
}
